
Microsoft Visual Studio Solution File, Format Version 12.00
# Visual Studio Version 17
VisualStudioVersion = 17.5.002.0
MinimumVisualStudioVersion = 10.0.40219.1
Project("{9A19103F-16F7-4668-BE54-9A1E7A4F7556}") = "project_downloads", "project_downloads.csproj", "{AF080BCF-14DE-432A-864A-86DCAA569B38}"
EndProject
Global
	GlobalSection(SolutionConfigurationPlatforms) = preSolution
		Debug|Any CPU = Debug|Any CPU
		Release|Any CPU = Release|Any CPU
	EndGlobalSection
	GlobalSection(ProjectConfigurationPlatforms) = postSolution
		{AF080BCF-14DE-432A-864A-86DCAA569B38}.Debug|Any CPU.ActiveCfg = Debug|Any CPU
		{AF080BCF-14DE-432A-864A-86DCAA569B38}.Debug|Any CPU.Build.0 = Debug|Any CPU
		{AF080BCF-14DE-432A-864A-86DCAA569B38}.Release|Any CPU.ActiveCfg = Release|Any CPU
		{AF080BCF-14DE-432A-864A-86DCAA569B38}.Release|Any CPU.Build.0 = Release|Any CPU
	EndGlobalSection
	GlobalSection(SolutionProperties) = preSolution
		HideSolutionNode = FALSE
	EndGlobalSection
	GlobalSection(ExtensibilityGlobals) = postSolution
		SolutionGuid = {6EDA85CA-36BF-4C6A-9980-370F25E5B2BE}
	EndGlobalSection
EndGlobal
